
Microsoft Visual Studio Solution File, Format Version 12.00
# Visual Studio Version 17
VisualStudioVersion = 17.0.31903.59
MinimumVisualStudioVersion = 10.0.40219.1
Project("{FAE04EC0-301F-11D3-BF4B-00C04F79EFBC}") = "PipeFlow", "PipeFlow\PipeFlow.csproj", "{5C342C2E-4899-439C-8950-058C9672EE1A}"
EndProject
Project("{FAE04EC0-301F-11D3-BF4B-00C04F79EFBC}") = "PipeFlow.Tests", "PipeFlow.Tests\PipeFlow.Tests.csproj", "{0BD50A89-3327-449F-B784-702EAE271B93}"
EndProject
Project("{FAE04EC0-301F-11D3-BF4B-00C04F79EFBC}") = "PipeFlow.Benchmarks", "PipeFlow.Benchmarks\PipeFlow.Benchmarks.csproj", "{5DC98834-FE8B-470F-B71F-2574D06C9E1A}"
EndProject
Global
	GlobalSection(SolutionConfigurationPlatforms) = preSolution
		Debug|Any CPU = Debug|Any CPU
		Release|Any CPU = Release|Any CPU
	EndGlobalSection
	GlobalSection(SolutionProperties) = preSolution
		HideSolutionNode = FALSE
	EndGlobalSection
	GlobalSection(ProjectConfigurationPlatforms) = postSolution
		{5C342C2E-4899-439C-8950-058C9672EE1A}.Debug|Any CPU.ActiveCfg = Debug|Any CPU
		{5C342C2E-4899-439C-8950-058C9672EE1A}.Debug|Any CPU.Build.0 = Debug|Any CPU
		{5C342C2E-4899-439C-8950-058C9672EE1A}.Release|Any CPU.ActiveCfg = Release|Any CPU
		{5C342C2E-4899-439C-8950-058C9672EE1A}.Release|Any CPU.Build.0 = Release|Any CPU
		{0BD50A89-3327-449F-B784-702EAE271B93}.Debug|Any CPU.ActiveCfg = Debug|Any CPU
		{0BD50A89-3327-449F-B784-702EAE271B93}.Debug|Any CPU.Build.0 = Debug|Any CPU
		{0BD50A89-3327-449F-B784-702EAE271B93}.Release|Any CPU.ActiveCfg = Release|Any CPU
		{0BD50A89-3327-449F-B784-702EAE271B93}.Release|Any CPU.Build.0 = Release|Any CPU
		{5DC98834-FE8B-470F-B71F-2574D06C9E1A}.Debug|Any CPU.ActiveCfg = Debug|Any CPU
		{5DC98834-FE8B-470F-B71F-2574D06C9E1A}.Debug|Any CPU.Build.0 = Debug|Any CPU
		{5DC98834-FE8B-470F-B71F-2574D06C9E1A}.Release|Any CPU.ActiveCfg = Release|Any CPU
		{5DC98834-FE8B-470F-B71F-2574D06C9E1A}.Release|Any CPU.Build.0 = Release|Any CPU
	EndGlobalSection
EndGlobal
